
Microsoft Visual Studio Solution File, Format Version 12.00
# Visual Studio Version 16
VisualStudioVersion = 16.0.29102.190
MinimumVisualStudioVersion = 10.0.40219.1
Project("{FAE04EC0-301F-11D3-BF4B-00C04F79EFBC}") = "SvenCalc", "SvenCalc\SvenCalc.csproj", "{E78F4199-FE09-41C8-92D5-0E429684CFDE}"
EndProject
Global
	GlobalSection(SolutionConfigurationPlatforms) = preSolution
		Debug|Any CPU = Debug|Any CPU
		Release|Any CPU = Release|Any CPU
	EndGlobalSection
	GlobalSection(ProjectConfigurationPlatforms) = postSolution
		{E78F4199-FE09-41C8-92D5-0E429684CFDE}.Debug|Any CPU.ActiveCfg = Debug|Any CPU
		{E78F4199-FE09-41C8-92D5-0E429684CFDE}.Debug|Any CPU.Build.0 = Debug|Any CPU
		{E78F4199-FE09-41C8-92D5-0E429684CFDE}.Release|Any CPU.ActiveCfg = Release|Any CPU
		{E78F4199-FE09-41C8-92D5-0E429684CFDE}.Release|Any CPU.Build.0 = Release|Any CPU
	EndGlobalSection
	GlobalSection(SolutionProperties) = preSolution
		HideSolutionNode = FALSE
	EndGlobalSection
	GlobalSection(ExtensibilityGlobals) = postSolution
		SolutionGuid = {DDAB4B7B-2DB3-4760-BF99-3116FCA1C1E4}
	EndGlobalSection
EndGlobal
